// !$*UTF8*$!
{
	archiveVersion = 1;
	classes = {
	};
	objectVersion = 52;
	objects = {

/* Begin PBXBuildFile section */
		AD9EBF1A23EA651D00C49ED4 /* main.swift in Sources */ = {isa = PBXBuildFile; fileRef = AD9EBF1923EA651D00C49ED4 /* main.swift */; };
		AD9EBF2323EA658900C49ED4 /* LinkGrubber in Frameworks */ = {isa = PBXBuildFile; productRef = AD9EBF2223EA658900C49ED4 /* LinkGrubber */; };
		AD9EBF2623EA65DC00C49ED4 /* BandSite in Frameworks */ = {isa = PBXBuildFile; productRef = AD9EBF2523EA65DC00C49ED4 /* BandSite */; };
		AD9EBF2923EA660F00C49ED4 /* HTMLExtractor in Frameworks */ = {isa = PBXBuildFile; productRef = AD9EBF2823EA660F00C49ED4 /* HTMLExtractor */; };
/* End PBXBuildFile section */

/* Begin PBXCopyFilesBuildPhase section */
		AD9EBF1423EA651D00C49ED4 /* CopyFiles */ = {
			isa = PBXCopyFilesBuildPhase;
			buildActionMask = 2147483647;
			dstPath = /usr/share/man/man1/;
			dstSubfolderSpec = 0;
			files = (
			);
			runOnlyForDeploymentPostprocessing = 1;
		};
/* End PBXCopyFilesBuildPhase section */

/* Begin PBXFileReference section */
		AD9EBF1623EA651D00C49ED4 /* BandSiteCLI */ = {isa = PBXFileReference; explicitFileType = "compiled.mach-o.executable"; includeInIndex = 0; path = BandSiteCLI; sourceTree = BUILT_PRODUCTS_DIR; };
		AD9EBF1923EA651D00C49ED4 /* main.swift */ = {isa = PBXFileReference; lastKnownFileType = sourcecode.swift; path = main.swift; sourceTree = "<group>"; };
		AD9EBF2023EA656100C49ED4 /* README.md */ = {isa = PBXFileReference; lastKnownFileType = net.daringfireball.markdown; path = README.md; sourceTree = "<group>"; };
/* End PBXFileReference section */

/* Begin PBXFrameworksBuildPhase section */
		AD9EBF1323EA651D00C49ED4 /* Frameworks */ = {
			isa = PBXFrameworksBuildPhase;
			buildActionMask = 2147483647;
			files = (
				AD9EBF2623EA65DC00C49ED4 /* BandSite in Frameworks */,
				AD9EBF2923EA660F00C49ED4 /* HTMLExtractor in Frameworks */,
				AD9EBF2323EA658900C49ED4 /* LinkGrubber in Frameworks */,
			);
			runOnlyForDeploymentPostprocessing = 0;
		};
/* End PBXFrameworksBuildPhase section */

/* Begin PBXGroup section */
		AD9EBF0D23EA651D00C49ED4 = {
			isa = PBXGroup;
			children = (
				AD9EBF2023EA656100C49ED4 /* README.md */,
				AD9EBF1823EA651D00C49ED4 /* BandSiteCLI */,
				AD9EBF1723EA651D00C49ED4 /* Products */,
			);
			sourceTree = "<group>";
		};
		AD9EBF1723EA651D00C49ED4 /* Products */ = {
			isa = PBXGroup;
			children = (
				AD9EBF1623EA651D00C49ED4 /* BandSiteCLI */,
			);
			name = Products;
			sourceTree = "<group>";
		};
		AD9EBF1823EA651D00C49ED4 /* BandSiteCLI */ = {
			isa = PBXGroup;
			children = (
				AD9EBF1923EA651D00C49ED4 /* main.swift */,
			);
			path = BandSiteCLI;
			sourceTree = "<group>";
		};
/* End PBXGroup section */

/* Begin PBXNativeTarget section */
		AD9EBF1523EA651D00C49ED4 /* BandSiteCLI */ = {
			isa = PBXNativeTarget;
			buildConfigurationList = AD9EBF1D23EA651D00C49ED4 /* Build configuration list for PBXNativeTarget "BandSiteCLI" */;
			buildPhases = (
				AD9EBF1223EA651D00C49ED4 /* Sources */,
				AD9EBF1323EA651D00C49ED4 /* Frameworks */,
				AD9EBF1423EA651D00C49ED4 /* CopyFiles */,
			);
			buildRules = (
			);
			dependencies = (
			);
			name = BandSiteCLI;
			packageProductDependencies = (
				AD9EBF2223EA658900C49ED4 /* LinkGrubber */,
				AD9EBF2523EA65DC00C49ED4 /* BandSite */,
				AD9EBF2823EA660F00C49ED4 /* HTMLExtractor */,
			);
			productName = BandSiteCLI;
			productReference = AD9EBF1623EA651D00C49ED4 /* BandSiteCLI */;
			productType = "com.apple.product-type.tool";
		};
/* End PBXNativeTarget section */

/* Begin PBXProject section */
		AD9EBF0E23EA651D00C49ED4 /* Project object */ = {
			isa = PBXProject;
			attributes = {
				LastSwiftUpdateCheck = 1130;
				LastUpgradeCheck = 1130;
				ORGANIZATIONNAME = midnightrambler;
				TargetAttributes = {
					AD9EBF1523EA651D00C49ED4 = {
						CreatedOnToolsVersion = 11.3.1;
					};
				};
			};
			buildConfigurationList = AD9EBF1123EA651D00C49ED4 /* Build configuration list for PBXProject "BandSiteCLI" */;
			compatibilityVersion = "Xcode 9.3";
			developmentRegion = en;
			hasScannedForEncodings = 0;
			knownRegions = (
				en,
				Base,
			);
			mainGroup = AD9EBF0D23EA651D00C49ED4;
			packageReferences = (
				AD9EBF2123EA658900C49ED4 /* XCRemoteSwiftPackageReference "LinkGrubber" */,
				AD9EBF2423EA65DC00C49ED4 /* XCRemoteSwiftPackageReference "BandSite" */,
				AD9EBF2723EA660F00C49ED4 /* XCRemoteSwiftPackageReference "HTMLExtractor" */,
			);
			productRefGroup = AD9EBF1723EA651D00C49ED4 /* Products */;
			projectDirPath = "";
			projectRoot = "";
			targets = (
				AD9EBF1523EA651D00C49ED4 /* BandSiteCLI */,
			);
		};
/* End PBXProject section */

/* Begin PBXSourcesBuildPhase section */
		AD9EBF1223EA651D00C49ED4 /* Sources */ = {
			isa = PBXSourcesBuildPhase;
			buildActionMask = 2147483647;
			files = (
				AD9EBF1A23EA651D00C49ED4 /* main.swift in Sources */,
			);
			runOnlyForDeploymentPostprocessing = 0;
		};
/* End PBXSourcesBuildPhase section */

/* Begin XCBuildConfiguration section */
		AD9EBF1B23EA651D00C49ED4 /* Debug */ = {
			isa = XCBuildConfiguration;
			buildSettings = {
				ALWAYS_SEARCH_USER_PATHS = NO;
				CLANG_ANALYZER_NONNULL = YES;
				CLANG_ANALYZER_NUMBER_OBJECT_CONVERSION = YES_AGGRESSIVE;
				CLANG_CXX_LANGUAGE_STANDARD = "gnu++14";
				CLANG_CXX_LIBRARY = "libc++";
				CLANG_ENABLE_MODULES = YES;
				CLANG_ENABLE_OBJC_ARC = YES;
				CLANG_ENABLE_OBJC_WEAK = YES;
				CLANG_WARN_BLOCK_CAPTURE_AUTORELEASING = YES;
				CLANG_WARN_BOOL_CONVERSION = YES;
				CLANG_WARN_COMMA = YES;
				CLANG_WARN_CONSTANT_CONVERSION = YES;
				CLANG_WARN_DEPRECATED_OBJC_IMPLEMENTATIONS = YES;
				CLANG_WARN_DIRECT_OBJC_ISA_USAGE = YES_ERROR;
				CLANG_WARN_DOCUMENTATION_COMMENTS = YES;
				CLANG_WARN_EMPTY_BODY = YES;
				CLANG_WARN_ENUM_CONVERSION = YES;
				CLANG_WARN_INFINITE_RECURSION = YES;
				CLANG_WARN_INT_CONVERSION = YES;
				CLANG_WARN_NON_LITERAL_NULL_CONVERSION = YES;
				CLANG_WARN_OBJC_IMPLICIT_RETAIN_SELF = YES;
				CLANG_WARN_OBJC_LITERAL_CONVERSION = YES;
				CLANG_WARN_OBJC_ROOT_CLASS = YES_ERROR;
				CLANG_WARN_RANGE_LOOP_ANALYSIS = YES;
				CLANG_WARN_STRICT_PROTOTYPES = YES;
				CLANG_WARN_SUSPICIOUS_MOVE = YES;
				CLANG_WARN_UNGUARDED_AVAILABILITY = YES_AGGRESSIVE;
				CLANG_WARN_UNREACHABLE_CODE = YES;
				CLANG_WARN__DUPLICATE_METHOD_MATCH = YES;
				COPY_PHASE_STRIP = NO;
				DEBUG_INFORMATION_FORMAT = dwarf;
				ENABLE_STRICT_OBJC_MSGSEND = YES;
				ENABLE_TESTABILITY = YES;
				GCC_C_LANGUAGE_STANDARD = gnu11;
				GCC_DYNAMIC_NO_PIC = NO;
				GCC_NO_COMMON_BLOCKS = YES;
				GCC_OPTIMIZATION_LEVEL = 0;
				GCC_PREPROCESSOR_DEFINITIONS = (
					"DEBUG=1",
					"$(inherited)",
				);
				GCC_WARN_64_TO_32_BIT_CONVERSION = YES;
				GCC_WARN_ABOUT_RETURN_TYPE = YES_ERROR;
				GCC_WARN_UNDECLARED_SELECTOR = YES;
				GCC_WARN_UNINITIALIZED_AUTOS = YES_AGGRESSIVE;
				GCC_WARN_UNUSED_FUNCTION = YES;
				GCC_WARN_UNUSED_VARIABLE = YES;
				MACOSX_DEPLOYMENT_TARGET = 10.15;
				MTL_ENABLE_DEBUG_INFO = INCLUDE_SOURCE;
				MTL_FAST_MATH = YES;
				ONLY_ACTIVE_ARCH = YES;
				SDKROOT = macosx;
				SWIFT_ACTIVE_COMPILATION_CONDITIONS = DEBUG;
				SWIFT_OPTIMIZATION_LEVEL = "-Onone";
			};
			name = Debug;
		};
		AD9EBF1C23EA651D00C49ED4 /* Release */ = {
			isa = XCBuildConfiguration;
			buildSettings = {
				ALWAYS_SEARCH_USER_PATHS = NO;
				CLANG_ANALYZER_NONNULL = YES;
				CLANG_ANALYZER_NUMBER_OBJECT_CONVERSION = YES_AGGRESSIVE;
				CLANG_CXX_LANGUAGE_STANDARD = "gnu++14";
				CLANG_CXX_LIBRARY = "libc++";
				CLANG_ENABLE_MODULES = YES;
				CLANG_ENABLE_OBJC_ARC = YES;
				CLANG_ENABLE_OBJC_WEAK = YES;
				CLANG_WARN_BLOCK_CAPTURE_AUTORELEASING = YES;
				CLANG_WARN_BOOL_CONVERSION = YES;
				CLANG_WARN_COMMA = YES;
				CLANG_WARN_CONSTANT_CONVERSION = YES;
				CLANG_WARN_DEPRECATED_OBJC_IMPLEMENTATIONS = YES;
				CLANG_WARN_DIRECT_OBJC_ISA_USAGE = YES_ERROR;
				CLANG_WARN_DOCUMENTATION_COMMENTS = YES;
				CLANG_WARN_EMPTY_BODY = YES;
				CLANG_WARN_ENUM_CONVERSION = YES;
				CLANG_WARN_INFINITE_RECURSION = YES;
				CLANG_WARN_INT_CONVERSION = YES;
				CLANG_WARN_NON_LITERAL_NULL_CONVERSION = YES;
				CLANG_WARN_OBJC_IMPLICIT_RETAIN_SELF = YES;
				CLANG_WARN_OBJC_LITERAL_CONVERSION = YES;
				CLANG_WARN_OBJC_ROOT_CLASS = YES_ERROR;
				CLANG_WARN_RANGE_LOOP_ANALYSIS = YES;
				CLANG_WARN_STRICT_PROTOTYPES = YES;
				CLANG_WARN_SUSPICIOUS_MOVE = YES;
				CLANG_WARN_UNGUARDED_AVAILABILITY = YES_AGGRESSIVE;
				CLANG_WARN_UNREACHABLE_CODE = YES;
				CLANG_WARN__DUPLICATE_METHOD_MATCH = YES;
				COPY_PHASE_STRIP = NO;
				DEBUG_INFORMATION_FORMAT = "dwarf-with-dsym";
				ENABLE_NS_ASSERTIONS = NO;
				ENABLE_STRICT_OBJC_MSGSEND = YES;
				GCC_C_LANGUAGE_STANDARD = gnu11;
				GCC_NO_COMMON_BLOCKS = YES;
				GCC_WARN_64_TO_32_BIT_CONVERSION = YES;
				GCC_WARN_ABOUT_RETURN_TYPE = YES_ERROR;
				GCC_WARN_UNDECLARED_SELECTOR = YES;
				GCC_WARN_UNINITIALIZED_AUTOS = YES_AGGRESSIVE;
				GCC_WARN_UNUSED_FUNCTION = YES;
				GCC_WARN_UNUSED_VARIABLE = YES;
				MACOSX_DEPLOYMENT_TARGET = 10.15;
				MTL_ENABLE_DEBUG_INFO = NO;
				MTL_FAST_MATH = YES;
				SDKROOT = macosx;
				SWIFT_COMPILATION_MODE = wholemodule;
				SWIFT_OPTIMIZATION_LEVEL = "-O";
			};
			name = Release;
		};
		AD9EBF1E23EA651D00C49ED4 /* Debug */ = {
			isa = XCBuildConfiguration;
			buildSettings = {
				CODE_SIGN_STYLE = Automatic;
				DEVELOPMENT_TEAM = X2PQYA6S48;
				ENABLE_HARDENED_RUNTIME = YES;
				PRODUCT_NAME = "$(TARGET_NAME)";
				SWIFT_VERSION = 5.0;
			};
			name = Debug;
		};
		AD9EBF1F23EA651D00C49ED4 /* Release */ = {
			isa = XCBuildConfiguration;
			buildSettings = {
				CODE_SIGN_STYLE = Automatic;
				DEVELOPMENT_TEAM = X2PQYA6S48;
				ENABLE_HARDENED_RUNTIME = YES;
				PRODUCT_NAME = "$(TARGET_NAME)";
				SWIFT_VERSION = 5.0;
			};
			name = Release;
		};
/* End XCBuildConfiguration section */

/* Begin XCConfigurationList section */
		AD9EBF1123EA651D00C49ED4 /* Build configuration list for PBXProject "BandSiteCLI" */ = {
			isa = XCConfigurationList;
			buildConfigurations = (
				AD9EBF1B23EA651D00C49ED4 /* Debug */,
				AD9EBF1C23EA651D00C49ED4 /* Release */,
			);
			defaultConfigurationIsVisible = 0;
			defaultConfigurationName = Release;
		};
		AD9EBF1D23EA651D00C49ED4 /* Build configuration list for PBXNativeTarget "BandSiteCLI" */ = {
			isa = XCConfigurationList;
			buildConfigurations = (
				AD9EBF1E23EA651D00C49ED4 /* Debug */,
				AD9EBF1F23EA651D00C49ED4 /* Release */,
			);
			defaultConfigurationIsVisible = 0;
			defaultConfigurationName = Release;
		};
/* End XCConfigurationList section */

/* Begin XCRemoteSwiftPackageReference section */
		AD9EBF2123EA658900C49ED4 /* XCRemoteSwiftPackageReference "LinkGrubber" */ = {
			isa = XCRemoteSwiftPackageReference;
			repositoryURL = "https://github.com/billdonner/LinkGrubber.git";
			requirement = {
				kind = upToNextMajorVersion;
				minimumVersion = 0.1.34;
			};
		};
		AD9EBF2423EA65DC00C49ED4 /* XCRemoteSwiftPackageReference "BandSite" */ = {
			isa = XCRemoteSwiftPackageReference;
			repositoryURL = "https://github.com/billdonner/BandSite.git";
			requirement = {
				kind = upToNextMajorVersion;
				minimumVersion = 0.0.41;
			};
		};
		AD9EBF2723EA660F00C49ED4 /* XCRemoteSwiftPackageReference "HTMLExtractor" */ = {
			isa = XCRemoteSwiftPackageReference;
			repositoryURL = "https://github.com/billdonner/HTMLExtractor.git";
			requirement = {
				kind = upToNextMajorVersion;
				minimumVersion = 0.1.6;
			};
		};
/* End XCRemoteSwiftPackageReference section */

/* Begin XCSwiftPackageProductDependency section */
		AD9EBF2223EA658900C49ED4 /* LinkGrubber */ = {
			isa = XCSwiftPackageProductDependency;
			package = AD9EBF2123EA658900C49ED4 /* XCRemoteSwiftPackageReference "LinkGrubber" */;
			productName = LinkGrubber;
		};
		AD9EBF2523EA65DC00C49ED4 /* BandSite */ = {
			isa = XCSwiftPackageProductDependency;
			package = AD9EBF2423EA65DC00C49ED4 /* XCRemoteSwiftPackageReference "BandSite" */;
			productName = BandSite;
		};
		AD9EBF2823EA660F00C49ED4 /* HTMLExtractor */ = {
			isa = XCSwiftPackageProductDependency;
			package = AD9EBF2723EA660F00C49ED4 /* XCRemoteSwiftPackageReference "HTMLExtractor" */;
			productName = HTMLExtractor;
		};
/* End XCSwiftPackageProductDependency section */
	};
	rootObject = AD9EBF0E23EA651D00C49ED4 /* Project object */;
}
